# THIS IS AN AUTOGENERATED FILE. DO NOT EDIT THIS FILE DIRECTLY.
# yarn lockfile v1


"@types/node@^13.13.4":
  version "13.13.4"
  resolved "https://registry.yarnpkg.com/@types/node/-/node-13.13.4.tgz#1581d6c16e3d4803eb079c87d4ac893ee7501c2c"
  integrity sha512-x26ur3dSXgv5AwKS0lNfbjpCakGIduWU1DU91Zz58ONRWrIKGunmZBNv4P7N+e27sJkiGDsw/3fT4AtsqQBrBA==

"@yjl9903/setmap@^1.0.5":
  version "1.0.5"
  resolved "https://registry.yarnpkg.com/@yjl9903/setmap/-/setmap-1.0.5.tgz#556c489d8178f040f9aba419e0c11f8aa77b356b"
  integrity sha512-a6xssLNFUUrp5i+fKVYumCskvG/h3hxD0TmbOjZ3a6Bv8XRvARza26Pc9eXYGzsDpWW3cYBLDPT2PZE5AkOFEg==
  dependencies:
    random-js "^2.1.0"

"@yjl9903/xparse@^1.1.0":
  version "1.1.0"
  resolved "https://registry.yarnpkg.com/@yjl9903/xparse/-/xparse-1.1.0.tgz#85af9f101964ee6b7dde736b26f99321cce651ce"
  integrity sha512-FD652RdRjutIrSWUglgJo/oRBlBVbL629p8puCBNY+VL6ektEwLxaJh41DXuKytfecEEG0tqjELlGtMf2WVTyw==
  dependencies:
    "@yjl9903/setmap" "^1.0.5"
    cac "^6.5.6"
    xlex "^1.4.0"

cac@^6.5.6:
  version "6.5.8"
  resolved "https://registry.yarnpkg.com/cac/-/cac-6.5.8.tgz#b15d183ee478226f846888be74612ac080533667"
  integrity sha512-jLv2+ps4T2HRVR1k4UlQZoAFvliAhf5LVR0yjPjIaIr/Cw99p/I7CXIEkXtw5q+AkYk4NCFJcF5ErmELSyrZnw==

graphviz@^0.0.9:
  version "0.0.9"
  resolved "https://registry.yarnpkg.com/graphviz/-/graphviz-0.0.9.tgz#0bbf1df588c6a92259282da35323622528c4bbc4"
  integrity sha512-SmoY2pOtcikmMCqCSy2NO1YsRfu9OO0wpTlOYW++giGjfX1a6gax/m1Fo8IdUd0/3H15cTOfR1SMKwohj4LKsg==
  dependencies:
    temp "~0.4.0"

prettier@^2.0.5:
  version "2.0.5"
  resolved "https://registry.yarnpkg.com/prettier/-/prettier-2.0.5.tgz#d6d56282455243f2f92cc1716692c08aa31522d4"
  integrity sha512-7PtVymN48hGcO4fGjybyBSIWDsLU4H4XlvOHfq91pz9kkGlonzwTfYkaIEwiRg/dAJF9YlbsduBAgtYLi+8cFg==

random-js@^2.1.0:
  version "2.1.0"
  resolved "https://registry.yarnpkg.com/random-js/-/random-js-2.1.0.tgz#0c03238b0a4f701f7a4c7303036ade3083d8ee14"
  integrity sha512-CRUyWmnzmZBA7RZSVGq0xMqmgCyPPxbiKNLFA5ud7KenojVX2s7Gv+V7eB52beKTPGxWRnVZ7D/tCIgYJJ8vNQ==

temp@~0.4.0:
  version "0.4.0"
  resolved "https://registry.yarnpkg.com/temp/-/temp-0.4.0.tgz#671ad63d57be0fe9d7294664b3fc400636678a60"
  integrity sha1-ZxrWPVe+D+nXKUZks/xABjZnimA=

typescript@^3.8.3:
  version "3.8.3"
  resolved "https://registry.yarnpkg.com/typescript/-/typescript-3.8.3.tgz#409eb8544ea0335711205869ec458ab109ee1061"
  integrity sha512-MYlEfn5VrLNsgudQTVJeNaQFUAI7DkhnOjdpAp4T+ku1TfQClewlbSuTVHiA+8skNBgaf02TL/kLOvig4y3G8w==

xlex@^1.4.0, xlex@^1.4.1:
  version "1.4.1"
  resolved "https://registry.yarnpkg.com/xlex/-/xlex-1.4.1.tgz#b6695359bcd729993f39f66885bdc9e23f210e4b"
  integrity sha512-GtCWXFJBrfMHzxcnaXYPcDN4f3Ndbs+jORb+F2FZAyziWApw9mNnG4B8i0Kl6qaUextxbTZmhCKZcZek0Gik4w==
  dependencies:
    cac "^6.5.6"
    graphviz "^0.0.9"
    random-js "^2.1.0"
